
Microsoft Visual Studio Solution File, Format Version 12.00
# Visual Studio Version 17
VisualStudioVersion = 17.4.33205.214
MinimumVisualStudioVersion = 10.0.40219.1
Project("{FAE04EC0-301F-11D3-BF4B-00C04F79EFBC}") = "DAO", "DAO\DAO.csproj", "{5A37B940-B03B-47A9-9197-E02679BFEA4F}"
EndProject
Project("{FAE04EC0-301F-11D3-BF4B-00C04F79EFBC}") = "Entities", "Entities\Entities.csproj", "{7D0AD464-AA82-4C16-9894-2228FA967B9D}"
EndProject
Project("{FAE04EC0-301F-11D3-BF4B-00C04F79EFBC}") = "KentWebApplication", "KentWebApplication\KentWebApplication.csproj", "{D54838DD-2211-4424-BB7C-D013D2A17EB2}"
EndProject
Global
	GlobalSection(SolutionConfigurationPlatforms) = preSolution
		Debug|Any CPU = Debug|Any CPU
		Release|Any CPU = Release|Any CPU
	EndGlobalSection
	GlobalSection(ProjectConfigurationPlatforms) = postSolution
		{5A37B940-B03B-47A9-9197-E02679BFEA4F}.Debug|Any CPU.ActiveCfg = Debug|Any CPU
		{5A37B940-B03B-47A9-9197-E02679BFEA4F}.Debug|Any CPU.Build.0 = Debug|Any CPU
		{5A37B940-B03B-47A9-9197-E02679BFEA4F}.Release|Any CPU.ActiveCfg = Release|Any CPU
		{5A37B940-B03B-47A9-9197-E02679BFEA4F}.Release|Any CPU.Build.0 = Release|Any CPU
		{7D0AD464-AA82-4C16-9894-2228FA967B9D}.Debug|Any CPU.ActiveCfg = Debug|Any CPU
		{7D0AD464-AA82-4C16-9894-2228FA967B9D}.Debug|Any CPU.Build.0 = Debug|Any CPU
		{7D0AD464-AA82-4C16-9894-2228FA967B9D}.Release|Any CPU.ActiveCfg = Release|Any CPU
		{7D0AD464-AA82-4C16-9894-2228FA967B9D}.Release|Any CPU.Build.0 = Release|Any CPU
		{D54838DD-2211-4424-BB7C-D013D2A17EB2}.Debug|Any CPU.ActiveCfg = Debug|Any CPU
		{D54838DD-2211-4424-BB7C-D013D2A17EB2}.Debug|Any CPU.Build.0 = Debug|Any CPU
		{D54838DD-2211-4424-BB7C-D013D2A17EB2}.Release|Any CPU.ActiveCfg = Release|Any CPU
		{D54838DD-2211-4424-BB7C-D013D2A17EB2}.Release|Any CPU.Build.0 = Release|Any CPU
	EndGlobalSection
	GlobalSection(SolutionProperties) = preSolution
		HideSolutionNode = FALSE
	EndGlobalSection
	GlobalSection(ExtensibilityGlobals) = postSolution
		SolutionGuid = {7BAA0796-78C8-4A3A-9DAD-25C54F392381}
	EndGlobalSection
EndGlobal
